
Microsoft Visual Studio Solution File, Format Version 12.00
# Visual Studio 2013
VisualStudioVersion = 12.0.30723.0
MinimumVisualStudioVersion = 10.0.40219.1
Project("{54435603-DBB4-11D2-8724-00A0C9A8B90C}") = "Signal_Block_Setup", "Signal_Block_Setup\Signal_Block_Setup.vdproj", "{B9F035C7-539C-4D08-B2A2-BF72D2470CCF}"
EndProject
Project("{FAE04EC0-301F-11D3-BF4B-00C04F79EFBC}") = "Signal Block Design Tool", "..\..\..\..\Desktop\SeniorProj\Signal Block Design Tool\Signal Block Design Tool\Signal Block Design Tool\Signal Block Design Tool.csproj", "{D2159666-AED3-4987-80CB-A8277CF2B026}"
EndProject
Global
	GlobalSection(SolutionConfigurationPlatforms) = preSolution
		Debug|Any CPU = Debug|Any CPU
		Release|Any CPU = Release|Any CPU
	EndGlobalSection
	GlobalSection(ProjectConfigurationPlatforms) = postSolution
		{B9F035C7-539C-4D08-B2A2-BF72D2470CCF}.Debug|Any CPU.ActiveCfg = Debug
		{B9F035C7-539C-4D08-B2A2-BF72D2470CCF}.Debug|Any CPU.Build.0 = Debug
		{B9F035C7-539C-4D08-B2A2-BF72D2470CCF}.Release|Any CPU.ActiveCfg = Release
		{B9F035C7-539C-4D08-B2A2-BF72D2470CCF}.Release|Any CPU.Build.0 = Release
		{D2159666-AED3-4987-80CB-A8277CF2B026}.Debug|Any CPU.ActiveCfg = Debug|Any CPU
		{D2159666-AED3-4987-80CB-A8277CF2B026}.Debug|Any CPU.Build.0 = Debug|Any CPU
		{D2159666-AED3-4987-80CB-A8277CF2B026}.Release|Any CPU.ActiveCfg = Release|Any CPU
		{D2159666-AED3-4987-80CB-A8277CF2B026}.Release|Any CPU.Build.0 = Release|Any CPU
	EndGlobalSection
	GlobalSection(SolutionProperties) = preSolution
		HideSolutionNode = FALSE
	EndGlobalSection
EndGlobal
